
Microsoft Visual Studio Solution File, Format Version 12.00
# Visual Studio Version 17
VisualStudioVersion = 17.0.31521.260
MinimumVisualStudioVersion = 10.0.40219.1
Project("{2150E333-8FDC-42A3-9474-1A3956D46DE8}") = "src", "src", "{92F40AFA-8416-40BE-9893-D35E1924C69D}"
EndProject
Project("{2150E333-8FDC-42A3-9474-1A3956D46DE8}") = "Services", "Services", "{4A1D2DFA-D091-4CD2-B9CB-D7AAA795ABD9}"
EndProject
Project("{2150E333-8FDC-42A3-9474-1A3956D46DE8}") = "dapr", "dapr", "{E011B243-0389-468B-B903-83445BED69A4}"
EndProject
Project("{2150E333-8FDC-42A3-9474-1A3956D46DE8}") = "components", "components", "{FBFB499A-7022-4417-881B-68F63DBDB7F4}"
	ProjectSection(SolutionItems) = preProject
		dapr\components\masa-mc-pubsub.yaml = dapr\components\masa-mc-pubsub.yaml
		dapr\components\masa-mc-statestore.yaml = dapr\components\masa-mc-statestore.yaml
	EndProjectSection
EndProject
Project("{9A19103F-16F7-4668-BE54-9A1E7A4F7556}") = "Masa.Mc.Service.Admin", "src\Services\Masa.Mc.Service\Masa.Mc.Service.Admin.csproj", "{87A8E21E-DF58-4BEA-8EA1-EF333BE4D2B3}"
EndProject
Project("{2150E333-8FDC-42A3-9474-1A3956D46DE8}") = "Web", "Web", "{F3986DD3-0372-4929-B72A-09D93196541E}"
EndProject
Project("{9A19103F-16F7-4668-BE54-9A1E7A4F7556}") = "Masa.Mc.Web.Admin", "src\Web\Masa.Mc.Web.Admin\Masa.Mc.Web.Admin.csproj", "{3F0181CA-BDF5-4F56-A664-0E82DFD2A8C7}"
EndProject
Project("{2150E333-8FDC-42A3-9474-1A3956D46DE8}") = "ApiGateways", "ApiGateways", "{32774681-0D67-48A6-A379-D57015094F85}"
EndProject
Project("{9A19103F-16F7-4668-BE54-9A1E7A4F7556}") = "Masa.Mc.ApiGateways.Caller", "src\ApiGateways\Caller\Masa.Mc.ApiGateways.Caller\Masa.Mc.ApiGateways.Caller.csproj", "{40685EC0-64DF-4742-B8F6-602AFAEFC0EA}"
EndProject
Project("{2150E333-8FDC-42A3-9474-1A3956D46DE8}") = "Contracts", "Contracts", "{88AD0A79-5286-4C1C-8A58-AAC9E6870CCD}"
EndProject
Project("{9A19103F-16F7-4668-BE54-9A1E7A4F7556}") = "Masa.Mc.Contracts.Admin", "src\Contracts\Masa.Mc.Contracts.Admin\Masa.Mc.Contracts.Admin.csproj", "{D38D7297-FC98-4126-B320-1322B6F8CCFB}"
EndProject
Project("{2150E333-8FDC-42A3-9474-1A3956D46DE8}") = "Infrastructure", "Infrastructure", "{4660010F-BB9B-4C8E-B4F7-34AF77080EA0}"
EndProject
Project("{9A19103F-16F7-4668-BE54-9A1E7A4F7556}") = "Masa.Mc.Infrastructure.ObjectExtending", "src\Infrastructure\Masa.Mc.Infrastructure.ObjectExtending\Masa.Mc.Infrastructure.ObjectExtending.csproj", "{C47B7220-BDF3-4DFA-93FE-0F6885DB89A4}"
EndProject
Project("{9A19103F-16F7-4668-BE54-9A1E7A4F7556}") = "Masa.Mc.Infrastructure.Ddd.Application.Contracts", "src\Infrastructure\Masa.Mc.Infrastructure.Ddd.Application.Contracts\Masa.Mc.Infrastructure.Ddd.Application.Contracts.csproj", "{6CAC62DA-A3AF-4BFE-8E1C-0DB9D0D81CD6}"
EndProject
Project("{9A19103F-16F7-4668-BE54-9A1E7A4F7556}") = "Masa.Mc.Infrastructure.EntityFrameworkCore", "src\Infrastructure\Masa.Mc.Infrastructure.EntityFrameworkCore\Masa.Mc.Infrastructure.EntityFrameworkCore.csproj", "{FAFDC558-45A7-4FF7-BFCE-015EDF58F3AE}"
EndProject
Project("{9A19103F-16F7-4668-BE54-9A1E7A4F7556}") = "Masa.Mc.Web.Admin.Server", "src\Web\Masa.Mc.Web.Admin.Server\Masa.Mc.Web.Admin.Server.csproj", "{8FA1D09B-F5B5-4B42-BF86-53512F1377B2}"
EndProject
Project("{9A19103F-16F7-4668-BE54-9A1E7A4F7556}") = "Masa.Mc.Web.Admin.WebAssembly", "src\Web\Masa.Mc.Web.Admin.WebAssembly\Masa.Mc.Web.Admin.WebAssembly.csproj", "{1644695E-4B4F-4D7D-833C-7E694E758641}"
EndProject
Project("{9A19103F-16F7-4668-BE54-9A1E7A4F7556}") = "Masa.Mc.Infrastructure.Common", "src\Infrastructure\Masa.Mc.Infrastructure.Common\Masa.Mc.Infrastructure.Common.csproj", "{4024A9CA-D6CA-44D7-BEA4-D96891AFC6DD}"
EndProject
Project("{9A19103F-16F7-4668-BE54-9A1E7A4F7556}") = "Masa.Mc.Infrastructure.Sms", "src\Infrastructure\Masa.Mc.Infrastructure.Sms\Masa.Mc.Infrastructure.Sms.csproj", "{D965E2A5-3B97-4903-8FF6-E2E08847F16F}"
EndProject
Project("{9A19103F-16F7-4668-BE54-9A1E7A4F7556}") = "Masa.Mc.Infrastructure.Sms.Aliyun", "src\Infrastructure\Masa.Mc.Infrastructure.Sms.Aliyun\Masa.Mc.Infrastructure.Sms.Aliyun.csproj", "{15A94D5E-3B63-4718-8BF8-A0154E7FD067}"
EndProject
Project("{E53339B2-1760-4266-BCC7-CA923CBCF16C}") = "docker-compose", "docker-compose.dcproj", "{C147F2DF-F545-4263-9FBE-C7A833BB2A73}"
EndProject
Project("{2150E333-8FDC-42A3-9474-1A3956D46DE8}") = "Solution Items", "Solution Items", "{005D59A3-CC5C-4CF6-80A5-4CC9E0BE07EC}"
	ProjectSection(SolutionItems) = preProject
		.editorconfig = .editorconfig
		power.ps1 = power.ps1
	EndProjectSection
EndProject
Project("{9A19103F-16F7-4668-BE54-9A1E7A4F7556}") = "Masa.Mc.Infrastructure.Email", "src\Infrastructure\Masa.Mc.Infrastructure.Email\Masa.Mc.Infrastructure.Email.csproj", "{C816B922-18A4-4F6A-9A7A-4D0E7F2AE129}"
EndProject
Project("{9A19103F-16F7-4668-BE54-9A1E7A4F7556}") = "Masa.Mc.Infrastructure.SignalR", "src\Infrastructure\Masa.Mc.Infrastructure.SignalR\Masa.Mc.Infrastructure.SignalR.csproj", "{E71E792D-4812-4A7E-AB78-7DB4B7FB4D3D}"
EndProject
Project("{9A19103F-16F7-4668-BE54-9A1E7A4F7556}") = "Masa.Mc.Infrastructure.ExporterAndImporter.Csv", "src\Infrastructure\Masa.Mc.Infrastructure.ExporterAndImporter.Csv\Masa.Mc.Infrastructure.ExporterAndImporter.Csv.csproj", "{52353216-56EB-4F38-A6BA-7A23801569C3}"
EndProject
Project("{9A19103F-16F7-4668-BE54-9A1E7A4F7556}") = "Masa.Mc.Infrastructure.MailKit", "src\Infrastructure\Masa.Mc.Infrastructure.MailKit\Masa.Mc.Infrastructure.MailKit.csproj", "{3FDC5EC6-5B52-46E4-82D8-E9B39F017D7F}"
EndProject
Project("{9A19103F-16F7-4668-BE54-9A1E7A4F7556}") = "Masa.Mc.Infrastructure.AppNotification", "src\Infrastructure\Masa.Mc.Infrastructure.AppNotification\Masa.Mc.Infrastructure.AppNotification.csproj", "{7F2708C3-F1EE-4BFD-9321-F8D90390BF3C}"
EndProject
Project("{9A19103F-16F7-4668-BE54-9A1E7A4F7556}") = "Masa.Mc.Infrastructure.Weixin.Work", "src\Infrastructure\Masa.Mc.Infrastructure.Weixin.Work\Masa.Mc.Infrastructure.Weixin.Work.csproj", "{58E1DBB5-409C-4DF7-BDCA-A36715E0BB86}"
EndProject
Project("{9A19103F-16F7-4668-BE54-9A1E7A4F7556}") = "Masa.Mc.Infrastructure.OptionsResolve", "src\Infrastructure\Masa.Mc.Infrastructure.OptionsResolve\Masa.Mc.Infrastructure.OptionsResolve.csproj", "{7F815157-EB5A-4DF5-9B10-D9D751CB6FC9}"
EndProject
Global
	GlobalSection(SolutionConfigurationPlatforms) = preSolution
		Debug|Any CPU = Debug|Any CPU
		Debug|x86 = Debug|x86
		Release|Any CPU = Release|Any CPU
		Release|x86 = Release|x86
	EndGlobalSection
	GlobalSection(ProjectConfigurationPlatforms) = postSolution
		{87A8E21E-DF58-4BEA-8EA1-EF333BE4D2B3}.Debug|Any CPU.ActiveCfg = Debug|Any CPU
		{87A8E21E-DF58-4BEA-8EA1-EF333BE4D2B3}.Debug|Any CPU.Build.0 = Debug|Any CPU
		{87A8E21E-DF58-4BEA-8EA1-EF333BE4D2B3}.Debug|x86.ActiveCfg = Debug|Any CPU
		{87A8E21E-DF58-4BEA-8EA1-EF333BE4D2B3}.Debug|x86.Build.0 = Debug|Any CPU
		{87A8E21E-DF58-4BEA-8EA1-EF333BE4D2B3}.Release|Any CPU.ActiveCfg = Release|Any CPU
		{87A8E21E-DF58-4BEA-8EA1-EF333BE4D2B3}.Release|Any CPU.Build.0 = Release|Any CPU
		{87A8E21E-DF58-4BEA-8EA1-EF333BE4D2B3}.Release|x86.ActiveCfg = Release|Any CPU
		{87A8E21E-DF58-4BEA-8EA1-EF333BE4D2B3}.Release|x86.Build.0 = Release|Any CPU
		{3F0181CA-BDF5-4F56-A664-0E82DFD2A8C7}.Debug|Any CPU.ActiveCfg = Debug|Any CPU
		{3F0181CA-BDF5-4F56-A664-0E82DFD2A8C7}.Debug|Any CPU.Build.0 = Debug|Any CPU
		{3F0181CA-BDF5-4F56-A664-0E82DFD2A8C7}.Debug|x86.ActiveCfg = Debug|Any CPU
		{3F0181CA-BDF5-4F56-A664-0E82DFD2A8C7}.Debug|x86.Build.0 = Debug|Any CPU
		{3F0181CA-BDF5-4F56-A664-0E82DFD2A8C7}.Release|Any CPU.ActiveCfg = Release|Any CPU
		{3F0181CA-BDF5-4F56-A664-0E82DFD2A8C7}.Release|Any CPU.Build.0 = Release|Any CPU
		{3F0181CA-BDF5-4F56-A664-0E82DFD2A8C7}.Release|x86.ActiveCfg = Release|Any CPU
		{3F0181CA-BDF5-4F56-A664-0E82DFD2A8C7}.Release|x86.Build.0 = Release|Any CPU
		{40685EC0-64DF-4742-B8F6-602AFAEFC0EA}.Debug|Any CPU.ActiveCfg = Debug|Any CPU
		{40685EC0-64DF-4742-B8F6-602AFAEFC0EA}.Debug|Any CPU.Build.0 = Debug|Any CPU
		{40685EC0-64DF-4742-B8F6-602AFAEFC0EA}.Debug|x86.ActiveCfg = Debug|Any CPU
		{40685EC0-64DF-4742-B8F6-602AFAEFC0EA}.Debug|x86.Build.0 = Debug|Any CPU
		{40685EC0-64DF-4742-B8F6-602AFAEFC0EA}.Release|Any CPU.ActiveCfg = Release|Any CPU
		{40685EC0-64DF-4742-B8F6-602AFAEFC0EA}.Release|Any CPU.Build.0 = Release|Any CPU
		{40685EC0-64DF-4742-B8F6-602AFAEFC0EA}.Release|x86.ActiveCfg = Release|Any CPU
		{40685EC0-64DF-4742-B8F6-602AFAEFC0EA}.Release|x86.Build.0 = Release|Any CPU
		{D38D7297-FC98-4126-B320-1322B6F8CCFB}.Debug|Any CPU.ActiveCfg = Debug|Any CPU
		{D38D7297-FC98-4126-B320-1322B6F8CCFB}.Debug|Any CPU.Build.0 = Debug|Any CPU
		{D38D7297-FC98-4126-B320-1322B6F8CCFB}.Debug|x86.ActiveCfg = Debug|Any CPU
		{D38D7297-FC98-4126-B320-1322B6F8CCFB}.Debug|x86.Build.0 = Debug|Any CPU
		{D38D7297-FC98-4126-B320-1322B6F8CCFB}.Release|Any CPU.ActiveCfg = Release|Any CPU
		{D38D7297-FC98-4126-B320-1322B6F8CCFB}.Release|Any CPU.Build.0 = Release|Any CPU
		{D38D7297-FC98-4126-B320-1322B6F8CCFB}.Release|x86.ActiveCfg = Release|Any CPU
		{D38D7297-FC98-4126-B320-1322B6F8CCFB}.Release|x86.Build.0 = Release|Any CPU
		{C47B7220-BDF3-4DFA-93FE-0F6885DB89A4}.Debug|Any CPU.ActiveCfg = Debug|Any CPU
		{C47B7220-BDF3-4DFA-93FE-0F6885DB89A4}.Debug|Any CPU.Build.0 = Debug|Any CPU
		{C47B7220-BDF3-4DFA-93FE-0F6885DB89A4}.Debug|x86.ActiveCfg = Debug|Any CPU
		{C47B7220-BDF3-4DFA-93FE-0F6885DB89A4}.Debug|x86.Build.0 = Debug|Any CPU
		{C47B7220-BDF3-4DFA-93FE-0F6885DB89A4}.Release|Any CPU.ActiveCfg = Release|Any CPU
		{C47B7220-BDF3-4DFA-93FE-0F6885DB89A4}.Release|Any CPU.Build.0 = Release|Any CPU
		{C47B7220-BDF3-4DFA-93FE-0F6885DB89A4}.Release|x86.ActiveCfg = Release|Any CPU
		{C47B7220-BDF3-4DFA-93FE-0F6885DB89A4}.Release|x86.Build.0 = Release|Any CPU
		{6CAC62DA-A3AF-4BFE-8E1C-0DB9D0D81CD6}.Debug|Any CPU.ActiveCfg = Debug|Any CPU
		{6CAC62DA-A3AF-4BFE-8E1C-0DB9D0D81CD6}.Debug|Any CPU.Build.0 = Debug|Any CPU
		{6CAC62DA-A3AF-4BFE-8E1C-0DB9D0D81CD6}.Debug|x86.ActiveCfg = Debug|Any CPU
		{6CAC62DA-A3AF-4BFE-8E1C-0DB9D0D81CD6}.Debug|x86.Build.0 = Debug|Any CPU
		{6CAC62DA-A3AF-4BFE-8E1C-0DB9D0D81CD6}.Release|Any CPU.ActiveCfg = Release|Any CPU
		{6CAC62DA-A3AF-4BFE-8E1C-0DB9D0D81CD6}.Release|Any CPU.Build.0 = Release|Any CPU
		{6CAC62DA-A3AF-4BFE-8E1C-0DB9D0D81CD6}.Release|x86.ActiveCfg = Release|Any CPU
		{6CAC62DA-A3AF-4BFE-8E1C-0DB9D0D81CD6}.Release|x86.Build.0 = Release|Any CPU
		{FAFDC558-45A7-4FF7-BFCE-015EDF58F3AE}.Debug|Any CPU.ActiveCfg = Debug|Any CPU
		{FAFDC558-45A7-4FF7-BFCE-015EDF58F3AE}.Debug|Any CPU.Build.0 = Debug|Any CPU
		{FAFDC558-45A7-4FF7-BFCE-015EDF58F3AE}.Debug|x86.ActiveCfg = Debug|Any CPU
		{FAFDC558-45A7-4FF7-BFCE-015EDF58F3AE}.Debug|x86.Build.0 = Debug|Any CPU
		{FAFDC558-45A7-4FF7-BFCE-015EDF58F3AE}.Release|Any CPU.ActiveCfg = Release|Any CPU
		{FAFDC558-45A7-4FF7-BFCE-015EDF58F3AE}.Release|Any CPU.Build.0 = Release|Any CPU
		{FAFDC558-45A7-4FF7-BFCE-015EDF58F3AE}.Release|x86.ActiveCfg = Release|Any CPU
		{FAFDC558-45A7-4FF7-BFCE-015EDF58F3AE}.Release|x86.Build.0 = Release|Any CPU
		{8FA1D09B-F5B5-4B42-BF86-53512F1377B2}.Debug|Any CPU.ActiveCfg = Debug|Any CPU
		{8FA1D09B-F5B5-4B42-BF86-53512F1377B2}.Debug|Any CPU.Build.0 = Debug|Any CPU
		{8FA1D09B-F5B5-4B42-BF86-53512F1377B2}.Debug|x86.ActiveCfg = Debug|Any CPU
		{8FA1D09B-F5B5-4B42-BF86-53512F1377B2}.Debug|x86.Build.0 = Debug|Any CPU
		{8FA1D09B-F5B5-4B42-BF86-53512F1377B2}.Release|Any CPU.ActiveCfg = Release|Any CPU
		{8FA1D09B-F5B5-4B42-BF86-53512F1377B2}.Release|Any CPU.Build.0 = Release|Any CPU
		{8FA1D09B-F5B5-4B42-BF86-53512F1377B2}.Release|x86.ActiveCfg = Release|Any CPU
		{8FA1D09B-F5B5-4B42-BF86-53512F1377B2}.Release|x86.Build.0 = Release|Any CPU
		{1644695E-4B4F-4D7D-833C-7E694E758641}.Debug|Any CPU.ActiveCfg = Debug|Any CPU
		{1644695E-4B4F-4D7D-833C-7E694E758641}.Debug|Any CPU.Build.0 = Debug|Any CPU
		{1644695E-4B4F-4D7D-833C-7E694E758641}.Debug|x86.ActiveCfg = Debug|Any CPU
		{1644695E-4B4F-4D7D-833C-7E694E758641}.Debug|x86.Build.0 = Debug|Any CPU
		{1644695E-4B4F-4D7D-833C-7E694E758641}.Release|Any CPU.ActiveCfg = Release|Any CPU
		{1644695E-4B4F-4D7D-833C-7E694E758641}.Release|Any CPU.Build.0 = Release|Any CPU
		{1644695E-4B4F-4D7D-833C-7E694E758641}.Release|x86.ActiveCfg = Release|Any CPU
		{1644695E-4B4F-4D7D-833C-7E694E758641}.Release|x86.Build.0 = Release|Any CPU
		{4024A9CA-D6CA-44D7-BEA4-D96891AFC6DD}.Debug|Any CPU.ActiveCfg = Debug|Any CPU
		{4024A9CA-D6CA-44D7-BEA4-D96891AFC6DD}.Debug|Any CPU.Build.0 = Debug|Any CPU
		{4024A9CA-D6CA-44D7-BEA4-D96891AFC6DD}.Debug|x86.ActiveCfg = Debug|Any CPU
		{4024A9CA-D6CA-44D7-BEA4-D96891AFC6DD}.Debug|x86.Build.0 = Debug|Any CPU
		{4024A9CA-D6CA-44D7-BEA4-D96891AFC6DD}.Release|Any CPU.ActiveCfg = Release|Any CPU
		{4024A9CA-D6CA-44D7-BEA4-D96891AFC6DD}.Release|Any CPU.Build.0 = Release|Any CPU
		{4024A9CA-D6CA-44D7-BEA4-D96891AFC6DD}.Release|x86.ActiveCfg = Release|Any CPU
		{4024A9CA-D6CA-44D7-BEA4-D96891AFC6DD}.Release|x86.Build.0 = Release|Any CPU
		{D965E2A5-3B97-4903-8FF6-E2E08847F16F}.Debug|Any CPU.ActiveCfg = Debug|Any CPU
		{D965E2A5-3B97-4903-8FF6-E2E08847F16F}.Debug|Any CPU.Build.0 = Debug|Any CPU
		{D965E2A5-3B97-4903-8FF6-E2E08847F16F}.Debug|x86.ActiveCfg = Debug|Any CPU
		{D965E2A5-3B97-4903-8FF6-E2E08847F16F}.Debug|x86.Build.0 = Debug|Any CPU
		{D965E2A5-3B97-4903-8FF6-E2E08847F16F}.Release|Any CPU.ActiveCfg = Release|Any CPU
		{D965E2A5-3B97-4903-8FF6-E2E08847F16F}.Release|Any CPU.Build.0 = Release|Any CPU
		{D965E2A5-3B97-4903-8FF6-E2E08847F16F}.Release|x86.ActiveCfg = Release|Any CPU
		{D965E2A5-3B97-4903-8FF6-E2E08847F16F}.Release|x86.Build.0 = Release|Any CPU
		{15A94D5E-3B63-4718-8BF8-A0154E7FD067}.Debug|Any CPU.ActiveCfg = Debug|Any CPU
		{15A94D5E-3B63-4718-8BF8-A0154E7FD067}.Debug|Any CPU.Build.0 = Debug|Any CPU
		{15A94D5E-3B63-4718-8BF8-A0154E7FD067}.Debug|x86.ActiveCfg = Debug|Any CPU
		{15A94D5E-3B63-4718-8BF8-A0154E7FD067}.Debug|x86.Build.0 = Debug|Any CPU
		{15A94D5E-3B63-4718-8BF8-A0154E7FD067}.Release|Any CPU.ActiveCfg = Release|Any CPU
		{15A94D5E-3B63-4718-8BF8-A0154E7FD067}.Release|Any CPU.Build.0 = Release|Any CPU
		{15A94D5E-3B63-4718-8BF8-A0154E7FD067}.Release|x86.ActiveCfg = Release|Any CPU
		{15A94D5E-3B63-4718-8BF8-A0154E7FD067}.Release|x86.Build.0 = Release|Any CPU
		{C147F2DF-F545-4263-9FBE-C7A833BB2A73}.Debug|Any CPU.ActiveCfg = Debug|Any CPU
		{C147F2DF-F545-4263-9FBE-C7A833BB2A73}.Debug|Any CPU.Build.0 = Debug|Any CPU
		{C147F2DF-F545-4263-9FBE-C7A833BB2A73}.Debug|x86.ActiveCfg = Debug|Any CPU
		{C147F2DF-F545-4263-9FBE-C7A833BB2A73}.Debug|x86.Build.0 = Debug|Any CPU
		{C147F2DF-F545-4263-9FBE-C7A833BB2A73}.Release|Any CPU.ActiveCfg = Release|Any CPU
		{C147F2DF-F545-4263-9FBE-C7A833BB2A73}.Release|Any CPU.Build.0 = Release|Any CPU
		{C147F2DF-F545-4263-9FBE-C7A833BB2A73}.Release|x86.ActiveCfg = Release|Any CPU
		{C147F2DF-F545-4263-9FBE-C7A833BB2A73}.Release|x86.Build.0 = Release|Any CPU
		{C816B922-18A4-4F6A-9A7A-4D0E7F2AE129}.Debug|Any CPU.ActiveCfg = Debug|Any CPU
		{C816B922-18A4-4F6A-9A7A-4D0E7F2AE129}.Debug|Any CPU.Build.0 = Debug|Any CPU
		{C816B922-18A4-4F6A-9A7A-4D0E7F2AE129}.Debug|x86.ActiveCfg = Debug|Any CPU
		{C816B922-18A4-4F6A-9A7A-4D0E7F2AE129}.Debug|x86.Build.0 = Debug|Any CPU
		{C816B922-18A4-4F6A-9A7A-4D0E7F2AE129}.Release|Any CPU.ActiveCfg = Release|Any CPU
		{C816B922-18A4-4F6A-9A7A-4D0E7F2AE129}.Release|Any CPU.Build.0 = Release|Any CPU
		{C816B922-18A4-4F6A-9A7A-4D0E7F2AE129}.Release|x86.ActiveCfg = Release|Any CPU
		{C816B922-18A4-4F6A-9A7A-4D0E7F2AE129}.Release|x86.Build.0 = Release|Any CPU
		{E71E792D-4812-4A7E-AB78-7DB4B7FB4D3D}.Debug|Any CPU.ActiveCfg = Debug|Any CPU
		{E71E792D-4812-4A7E-AB78-7DB4B7FB4D3D}.Debug|Any CPU.Build.0 = Debug|Any CPU
		{E71E792D-4812-4A7E-AB78-7DB4B7FB4D3D}.Debug|x86.ActiveCfg = Debug|Any CPU
		{E71E792D-4812-4A7E-AB78-7DB4B7FB4D3D}.Debug|x86.Build.0 = Debug|Any CPU
		{E71E792D-4812-4A7E-AB78-7DB4B7FB4D3D}.Release|Any CPU.ActiveCfg = Release|Any CPU
		{E71E792D-4812-4A7E-AB78-7DB4B7FB4D3D}.Release|Any CPU.Build.0 = Release|Any CPU
		{E71E792D-4812-4A7E-AB78-7DB4B7FB4D3D}.Release|x86.ActiveCfg = Release|Any CPU
		{E71E792D-4812-4A7E-AB78-7DB4B7FB4D3D}.Release|x86.Build.0 = Release|Any CPU
		{52353216-56EB-4F38-A6BA-7A23801569C3}.Debug|Any CPU.ActiveCfg = Debug|Any CPU
		{52353216-56EB-4F38-A6BA-7A23801569C3}.Debug|Any CPU.Build.0 = Debug|Any CPU
		{52353216-56EB-4F38-A6BA-7A23801569C3}.Debug|x86.ActiveCfg = Debug|Any CPU
		{52353216-56EB-4F38-A6BA-7A23801569C3}.Debug|x86.Build.0 = Debug|Any CPU
		{52353216-56EB-4F38-A6BA-7A23801569C3}.Release|Any CPU.ActiveCfg = Release|Any CPU
		{52353216-56EB-4F38-A6BA-7A23801569C3}.Release|Any CPU.Build.0 = Release|Any CPU
		{52353216-56EB-4F38-A6BA-7A23801569C3}.Release|x86.ActiveCfg = Release|Any CPU
		{52353216-56EB-4F38-A6BA-7A23801569C3}.Release|x86.Build.0 = Release|Any CPU
		{3FDC5EC6-5B52-46E4-82D8-E9B39F017D7F}.Debug|Any CPU.ActiveCfg = Debug|Any CPU
		{3FDC5EC6-5B52-46E4-82D8-E9B39F017D7F}.Debug|Any CPU.Build.0 = Debug|Any CPU
		{3FDC5EC6-5B52-46E4-82D8-E9B39F017D7F}.Debug|x86.ActiveCfg = Debug|Any CPU
		{3FDC5EC6-5B52-46E4-82D8-E9B39F017D7F}.Debug|x86.Build.0 = Debug|Any CPU
		{3FDC5EC6-5B52-46E4-82D8-E9B39F017D7F}.Release|Any CPU.ActiveCfg = Release|Any CPU
		{3FDC5EC6-5B52-46E4-82D8-E9B39F017D7F}.Release|Any CPU.Build.0 = Release|Any CPU
		{3FDC5EC6-5B52-46E4-82D8-E9B39F017D7F}.Release|x86.ActiveCfg = Release|Any CPU
		{3FDC5EC6-5B52-46E4-82D8-E9B39F017D7F}.Release|x86.Build.0 = Release|Any CPU
		{7F2708C3-F1EE-4BFD-9321-F8D90390BF3C}.Debug|Any CPU.ActiveCfg = Debug|Any CPU
		{7F2708C3-F1EE-4BFD-9321-F8D90390BF3C}.Debug|Any CPU.Build.0 = Debug|Any CPU
		{7F2708C3-F1EE-4BFD-9321-F8D90390BF3C}.Debug|x86.ActiveCfg = Debug|Any CPU
		{7F2708C3-F1EE-4BFD-9321-F8D90390BF3C}.Debug|x86.Build.0 = Debug|Any CPU
		{7F2708C3-F1EE-4BFD-9321-F8D90390BF3C}.Release|Any CPU.ActiveCfg = Release|Any CPU
		{7F2708C3-F1EE-4BFD-9321-F8D90390BF3C}.Release|Any CPU.Build.0 = Release|Any CPU
		{7F2708C3-F1EE-4BFD-9321-F8D90390BF3C}.Release|x86.ActiveCfg = Release|Any CPU
		{7F2708C3-F1EE-4BFD-9321-F8D90390BF3C}.Release|x86.Build.0 = Release|Any CPU
		{58E1DBB5-409C-4DF7-BDCA-A36715E0BB86}.Debug|Any CPU.ActiveCfg = Debug|Any CPU
		{58E1DBB5-409C-4DF7-BDCA-A36715E0BB86}.Debug|Any CPU.Build.0 = Debug|Any CPU
		{58E1DBB5-409C-4DF7-BDCA-A36715E0BB86}.Debug|x86.ActiveCfg = Debug|Any CPU
		{58E1DBB5-409C-4DF7-BDCA-A36715E0BB86}.Debug|x86.Build.0 = Debug|Any CPU
		{58E1DBB5-409C-4DF7-BDCA-A36715E0BB86}.Release|Any CPU.ActiveCfg = Release|Any CPU
		{58E1DBB5-409C-4DF7-BDCA-A36715E0BB86}.Release|Any CPU.Build.0 = Release|Any CPU
		{58E1DBB5-409C-4DF7-BDCA-A36715E0BB86}.Release|x86.ActiveCfg = Release|Any CPU
		{58E1DBB5-409C-4DF7-BDCA-A36715E0BB86}.Release|x86.Build.0 = Release|Any CPU
		{7F815157-EB5A-4DF5-9B10-D9D751CB6FC9}.Debug|Any CPU.ActiveCfg = Debug|Any CPU
		{7F815157-EB5A-4DF5-9B10-D9D751CB6FC9}.Debug|Any CPU.Build.0 = Debug|Any CPU
		{7F815157-EB5A-4DF5-9B10-D9D751CB6FC9}.Debug|x86.ActiveCfg = Debug|Any CPU
		{7F815157-EB5A-4DF5-9B10-D9D751CB6FC9}.Debug|x86.Build.0 = Debug|Any CPU
		{7F815157-EB5A-4DF5-9B10-D9D751CB6FC9}.Release|Any CPU.ActiveCfg = Release|Any CPU
		{7F815157-EB5A-4DF5-9B10-D9D751CB6FC9}.Release|Any CPU.Build.0 = Release|Any CPU
		{7F815157-EB5A-4DF5-9B10-D9D751CB6FC9}.Release|x86.ActiveCfg = Release|Any CPU
		{7F815157-EB5A-4DF5-9B10-D9D751CB6FC9}.Release|x86.Build.0 = Release|Any CPU
	EndGlobalSection
	GlobalSection(SolutionProperties) = preSolution
		HideSolutionNode = FALSE
	EndGlobalSection
	GlobalSection(NestedProjects) = preSolution
		{4A1D2DFA-D091-4CD2-B9CB-D7AAA795ABD9} = {92F40AFA-8416-40BE-9893-D35E1924C69D}
		{FBFB499A-7022-4417-881B-68F63DBDB7F4} = {E011B243-0389-468B-B903-83445BED69A4}
		{87A8E21E-DF58-4BEA-8EA1-EF333BE4D2B3} = {4A1D2DFA-D091-4CD2-B9CB-D7AAA795ABD9}
		{F3986DD3-0372-4929-B72A-09D93196541E} = {92F40AFA-8416-40BE-9893-D35E1924C69D}
		{3F0181CA-BDF5-4F56-A664-0E82DFD2A8C7} = {F3986DD3-0372-4929-B72A-09D93196541E}
		{32774681-0D67-48A6-A379-D57015094F85} = {92F40AFA-8416-40BE-9893-D35E1924C69D}
		{40685EC0-64DF-4742-B8F6-602AFAEFC0EA} = {32774681-0D67-48A6-A379-D57015094F85}
		{88AD0A79-5286-4C1C-8A58-AAC9E6870CCD} = {92F40AFA-8416-40BE-9893-D35E1924C69D}
		{D38D7297-FC98-4126-B320-1322B6F8CCFB} = {88AD0A79-5286-4C1C-8A58-AAC9E6870CCD}
		{4660010F-BB9B-4C8E-B4F7-34AF77080EA0} = {92F40AFA-8416-40BE-9893-D35E1924C69D}
		{C47B7220-BDF3-4DFA-93FE-0F6885DB89A4} = {4660010F-BB9B-4C8E-B4F7-34AF77080EA0}
		{6CAC62DA-A3AF-4BFE-8E1C-0DB9D0D81CD6} = {4660010F-BB9B-4C8E-B4F7-34AF77080EA0}
		{FAFDC558-45A7-4FF7-BFCE-015EDF58F3AE} = {4660010F-BB9B-4C8E-B4F7-34AF77080EA0}
		{8FA1D09B-F5B5-4B42-BF86-53512F1377B2} = {F3986DD3-0372-4929-B72A-09D93196541E}
		{1644695E-4B4F-4D7D-833C-7E694E758641} = {F3986DD3-0372-4929-B72A-09D93196541E}
		{4024A9CA-D6CA-44D7-BEA4-D96891AFC6DD} = {4660010F-BB9B-4C8E-B4F7-34AF77080EA0}
		{D965E2A5-3B97-4903-8FF6-E2E08847F16F} = {4660010F-BB9B-4C8E-B4F7-34AF77080EA0}
		{15A94D5E-3B63-4718-8BF8-A0154E7FD067} = {4660010F-BB9B-4C8E-B4F7-34AF77080EA0}
		{C816B922-18A4-4F6A-9A7A-4D0E7F2AE129} = {4660010F-BB9B-4C8E-B4F7-34AF77080EA0}
		{E71E792D-4812-4A7E-AB78-7DB4B7FB4D3D} = {4660010F-BB9B-4C8E-B4F7-34AF77080EA0}
		{52353216-56EB-4F38-A6BA-7A23801569C3} = {4660010F-BB9B-4C8E-B4F7-34AF77080EA0}
		{3FDC5EC6-5B52-46E4-82D8-E9B39F017D7F} = {4660010F-BB9B-4C8E-B4F7-34AF77080EA0}
		{7F2708C3-F1EE-4BFD-9321-F8D90390BF3C} = {4660010F-BB9B-4C8E-B4F7-34AF77080EA0}
		{58E1DBB5-409C-4DF7-BDCA-A36715E0BB86} = {4660010F-BB9B-4C8E-B4F7-34AF77080EA0}
		{7F815157-EB5A-4DF5-9B10-D9D751CB6FC9} = {4660010F-BB9B-4C8E-B4F7-34AF77080EA0}
	EndGlobalSection
	GlobalSection(ExtensibilityGlobals) = postSolution
		SolutionGuid = {B83BA2BA-19E5-41FB-A92A-16A03DA229E4}
	EndGlobalSection
EndGlobal
